
Microsoft Visual Studio Solution File, Format Version 12.00
# Visual Studio Version 16
VisualStudioVersion = 16.0.28922.388
MinimumVisualStudioVersion = 10.0.40219.1
Project("{FAE04EC0-301F-11D3-BF4B-00C04F79EFBC}") = "clipboarder", "clipboarder.csproj", "{7CFF6AD8-68F0-4BD9-8942-C6003ED92AAC}"
EndProject
Global
	GlobalSection(SolutionConfigurationPlatforms) = preSolution
		Debug|Any CPU = Debug|Any CPU
		Release|Any CPU = Release|Any CPU
	EndGlobalSection
	GlobalSection(ProjectConfigurationPlatforms) = postSolution
		{7CFF6AD8-68F0-4BD9-8942-C6003ED92AAC}.Debug|Any CPU.ActiveCfg = Debug|Any CPU
		{7CFF6AD8-68F0-4BD9-8942-C6003ED92AAC}.Debug|Any CPU.Build.0 = Debug|Any CPU
		{7CFF6AD8-68F0-4BD9-8942-C6003ED92AAC}.Release|Any CPU.ActiveCfg = Release|Any CPU
		{7CFF6AD8-68F0-4BD9-8942-C6003ED92AAC}.Release|Any CPU.Build.0 = Release|Any CPU
	EndGlobalSection
	GlobalSection(SolutionProperties) = preSolution
		HideSolutionNode = FALSE
	EndGlobalSection
	GlobalSection(ExtensibilityGlobals) = postSolution
		SolutionGuid = {C609EA65-D92F-48AE-B2CD-ADDB24EA1912}
	EndGlobalSection
EndGlobal
